{"is_source_file": false, "format": "", "description": "", "external_files": [], "external_methods": [], "published": [], "classes": [], "methods": [], "calls": [], "search-terms": [], "state": 2, "file_id": 9, "knowledge_revision": 22, "git_revision": "70f42a18fe3105d2352fb16a08e159d0130262d6", "filename": "/tmp/kavia/workspace/code-generation/tictactoe-classic-145577-9401ec06/tic_tac_toe_game/post_process_status.lock", "hash": "9c4ed7ef73e22b872b8055bec08b8979", "format-version": 4, "code-base-name": "default", "revision_history": [{"22": "70f42a18fe3105d2352fb16a08e159d0130262d6"}]}